
Microsoft Visual Studio Solution File, Format Version 12.00
# Visual Studio 15
VisualStudioVersion = 15.0.27703.2000
MinimumVisualStudioVersion = 10.0.40219.1
Project("{FAE04EC0-301F-11D3-BF4B-00C04F79EFBC}") = "ConsolePourTest", "ConsolePourTest\ConsolePourTest.csproj", "{E1CA107B-6833-4EC8-A18A-9D9F22ECF477}"
EndProject
Project("{FAE04EC0-301F-11D3-BF4B-00C04F79EFBC}") = "ConsolePourTestTests", "ConsolePourTestTests\ConsolePourTestTests.csproj", "{6F3C07DB-F089-4D45-9BAE-4E91EDD7E61D}"
EndProject
Global
	GlobalSection(SolutionConfigurationPlatforms) = preSolution
		Debug|Any CPU = Debug|Any CPU
		Release|Any CPU = Release|Any CPU
	EndGlobalSection
	GlobalSection(ProjectConfigurationPlatforms) = postSolution
		{E1CA107B-6833-4EC8-A18A-9D9F22ECF477}.Debug|Any CPU.ActiveCfg = Debug|Any CPU
		{E1CA107B-6833-4EC8-A18A-9D9F22ECF477}.Debug|Any CPU.Build.0 = Debug|Any CPU
		{E1CA107B-6833-4EC8-A18A-9D9F22ECF477}.Release|Any CPU.ActiveCfg = Release|Any CPU
		{E1CA107B-6833-4EC8-A18A-9D9F22ECF477}.Release|Any CPU.Build.0 = Release|Any CPU
		{6F3C07DB-F089-4D45-9BAE-4E91EDD7E61D}.Debug|Any CPU.ActiveCfg = Debug|Any CPU
		{6F3C07DB-F089-4D45-9BAE-4E91EDD7E61D}.Debug|Any CPU.Build.0 = Debug|Any CPU
		{6F3C07DB-F089-4D45-9BAE-4E91EDD7E61D}.Release|Any CPU.ActiveCfg = Release|Any CPU
		{6F3C07DB-F089-4D45-9BAE-4E91EDD7E61D}.Release|Any CPU.Build.0 = Release|Any CPU
	EndGlobalSection
	GlobalSection(SolutionProperties) = preSolution
		HideSolutionNode = FALSE
	EndGlobalSection
	GlobalSection(ExtensibilityGlobals) = postSolution
		SolutionGuid = {5578C2CD-8B08-4A92-B3B7-B3F98615CA78}
	EndGlobalSection
EndGlobal
